{
  "nodes": {
    "darwin": {
      "inputs": {
        "nixpkgs": [
          "nixpkgs"
        ]
      },
      "locked": {
        "lastModified": 1773000227,
        "narHash": "sha256-zm3ftUQw0MPumYi91HovoGhgyZBlM4o3Zy0LhPNwzXE=",
        "owner": "lnl7",
        "repo": "nix-darwin",
        "rev": "da529ac9e46f25ed5616fd634079a5f3c579135f",
        "type": "github"
      },
      "original": {
        "owner": "lnl7",
        "repo": "nix-darwin",
        "type": "github"
      }
    },
    "home-manager": {
      "inputs": {
        "nixpkgs": [
          "nixpkgs"
        ]
      },
      "locked": {
        "lastModified": 1773962693,
        "narHash": "sha256-nf9pgktDE4E2TCavUT1vh3Nd/tfKixL1BK6P32Zp3hI=",
        "owner": "nix-community",
        "repo": "home-manager",
        "rev": "9d3c1d636e7b8ab10f357cd9bee653cd400437de",
        "type": "github"
      },
      "original": {
        "owner": "nix-community",
        "repo": "home-manager",
        "type": "github"
      }
    },
    "home-manager_2": {
      "inputs": {
        "nixpkgs": [
          "zen-browser",
          "nixpkgs"
        ]
      },
      "locked": {
        "lastModified": 1773422513,
        "narHash": "sha256-MPjR48roW7CUMU6lu0+qQGqj92Kuh3paIulMWFZy+NQ=",
        "owner": "nix-community",
        "repo": "home-manager",
        "rev": "ef12a9a2b0f77c8fa3dda1e7e494fca668909056",
        "type": "github"
      },
      "original": {
        "owner": "nix-community",
        "repo": "home-manager",
        "type": "github"
      }
    },
    "nixCats": {
      "locked": {
        "lastModified": 1770584904,
        "narHash": "sha256-9Zaz8lbKF2W9pwXZEnbiGsicHdBoU+dHt3Wv3mCJoZ8=",
        "owner": "BirdeeHub",
        "repo": "nixCats-nvim",
        "rev": "538fdde784d2909700d97a8ef307783b33a86fb1",
        "type": "github"
      },
      "original": {
        "owner": "BirdeeHub",
        "repo": "nixCats-nvim",
        "type": "github"
      }
    },
    "nixpkgs": {
      "locked": {
        "lastModified": 1773821835,
        "narHash": "sha256-TJ3lSQtW0E2JrznGVm8hOQGVpXjJyXY2guAxku2O9A4=",
        "owner": "nixos",
        "repo": "nixpkgs",
        "rev": "b40629efe5d6ec48dd1efba650c797ddbd39ace0",
        "type": "github"
      },
      "original": {
        "owner": "nixos",
        "ref": "nixos-unstable",
        "repo": "nixpkgs",
        "type": "github"
      }
    },
    "nixpkgs_2": {
      "locked": {
        "lastModified": 1770537093,
        "narHash": "sha256-pF1quXG5wsgtyuPOHcLfYg/ft/QMr8NnX0i6tW2187s=",
        "owner": "nixos",
        "repo": "nixpkgs",
        "rev": "fef9403a3e4d31b0a23f0bacebbec52c248fbb51",
        "type": "github"
      },
      "original": {
        "owner": "nixos",
        "ref": "nixpkgs-unstable",
        "repo": "nixpkgs",
        "type": "github"
      }
    },
    "nvim-nix": {
      "inputs": {
        "nixCats": "nixCats",
        "nixpkgs": "nixpkgs_2"
      },
      "locked": {
        "narHash": "sha256-ldriVmQaMy2dGjw6bVMPk8oY3FhTFTVmcJsZP27MkTw=",
        "path": "/Users/rickvergunst/projects/personal/nvim-nix/",
        "type": "path"
      },
      "original": {
        "path": "/Users/rickvergunst/projects/personal/nvim-nix/",
        "type": "path"
      }
    },
    "root": {
      "inputs": {
        "darwin": "darwin",
        "home-manager": "home-manager",
        "nixpkgs": "nixpkgs",
        "nvim-nix": "nvim-nix",
        "sops-nix": "sops-nix",
        "zen-browser": "zen-browser"
      }
    },
    "sops-nix": {
      "inputs": {
        "nixpkgs": [
          "nixpkgs"
        ]
      },
      "locked": {
        "lastModified": 1773889674,
        "narHash": "sha256-+ycaiVAk3MEshJTg35cBTUa0MizGiS+bgpYw/f8ohkg=",
        "owner": "Mic92",
        "repo": "sops-nix",
        "rev": "29b6519f3e0780452bca0ac0be4584f04ac16cc5",
        "type": "github"
      },
      "original": {
        "owner": "Mic92",
        "repo": "sops-nix",
        "type": "github"
      }
    },
    "zen-browser": {
      "inputs": {
        "home-manager": "home-manager_2",
        "nixpkgs": [
          "nixpkgs"
        ]
      },
      "locked": {
        "lastModified": 1773737882,
        "narHash": "sha256-P6k0BtT1/idYveVRdcwAZk8By9UjZW8XOMhSoS6wTBY=",
        "owner": "0xc000022070",
        "repo": "zen-browser-flake",
        "rev": "a7f1db35d74faf04e5189b3a32f890186ace5c28",
        "type": "github"
      },
      "original": {
        "owner": "0xc000022070",
        "repo": "zen-browser-flake",
        "type": "github"
      }
    }
  },
  "root": "root",
  "version": 7
}
