{
  "nodes": {
    "darwin": {
      "inputs": {
        "nixpkgs": [
          "nixpkgs"
        ]
      },
      "locked": {
        "lastModified": 1770922915,
        "narHash": "sha256-6J/JoK9iL7sHvKJcGW2KId2agaKv1OGypsa7kN+ZBD4=",
        "owner": "lnl7",
        "repo": "nix-darwin",
        "rev": "6c5a56295d2a24e43bcd8af838def1b9a95746b2",
        "type": "github"
      },
      "original": {
        "owner": "lnl7",
        "repo": "nix-darwin",
        "type": "github"
      }
    },
    "home-manager": {
      "inputs": {
        "nixpkgs": [
          "nixpkgs"
        ]
      },
      "locked": {
        "lastModified": 1771269455,
        "narHash": "sha256-BZ31eN5F99YH6vkc4AhzKGE+tJgJ52kl8f01K7wCs8w=",
        "owner": "nix-community",
        "repo": "home-manager",
        "rev": "5f1d42a97b19803041434f66681d5c44c9ae62e3",
        "type": "github"
      },
      "original": {
        "owner": "nix-community",
        "repo": "home-manager",
        "type": "github"
      }
    },
    "home-manager_2": {
      "inputs": {
        "nixpkgs": [
          "zen-browser",
          "nixpkgs"
        ]
      },
      "locked": {
        "lastModified": 1771102945,
        "narHash": "sha256-e5NfW8NhC3qChR8bHVni/asrig/ZFzd1wzpq+cEE/tg=",
        "owner": "nix-community",
        "repo": "home-manager",
        "rev": "ff5e5d882c51f9a032479595cbab40fd04f56399",
        "type": "github"
      },
      "original": {
        "owner": "nix-community",
        "repo": "home-manager",
        "type": "github"
      }
    },
    "nixCats": {
      "locked": {
        "lastModified": 1770584904,
        "narHash": "sha256-9Zaz8lbKF2W9pwXZEnbiGsicHdBoU+dHt3Wv3mCJoZ8=",
        "owner": "BirdeeHub",
        "repo": "nixCats-nvim",
        "rev": "538fdde784d2909700d97a8ef307783b33a86fb1",
        "type": "github"
      },
      "original": {
        "owner": "BirdeeHub",
        "repo": "nixCats-nvim",
        "type": "github"
      }
    },
    "nixpkgs": {
      "locked": {
        "lastModified": 1771008912,
        "narHash": "sha256-gf2AmWVTs8lEq7z/3ZAsgnZDhWIckkb+ZnAo5RzSxJg=",
        "owner": "nixos",
        "repo": "nixpkgs",
        "rev": "a82ccc39b39b621151d6732718e3e250109076fa",
        "type": "github"
      },
      "original": {
        "owner": "nixos",
        "ref": "nixos-unstable",
        "repo": "nixpkgs",
        "type": "github"
      }
    },
    "nixpkgs_2": {
      "locked": {
        "lastModified": 1770537093,
        "narHash": "sha256-pF1quXG5wsgtyuPOHcLfYg/ft/QMr8NnX0i6tW2187s=",
        "owner": "nixos",
        "repo": "nixpkgs",
        "rev": "fef9403a3e4d31b0a23f0bacebbec52c248fbb51",
        "type": "github"
      },
      "original": {
        "owner": "nixos",
        "ref": "nixpkgs-unstable",
        "repo": "nixpkgs",
        "type": "github"
      }
    },
    "nvim-nix": {
      "inputs": {
        "nixCats": "nixCats",
        "nixpkgs": "nixpkgs_2"
      },
      "locked": {
        "narHash": "sha256-B6Ra9/7AUco8TK95796+81A3AMsz4LYvBMG+FlT5LGQ=",
        "path": "/Users/rickvergunst/projects/personal/nvim-nix/",
        "type": "path"
      },
      "original": {
        "path": "/Users/rickvergunst/projects/personal/nvim-nix/",
        "type": "path"
      }
    },
    "root": {
      "inputs": {
        "darwin": "darwin",
        "home-manager": "home-manager",
        "nixpkgs": "nixpkgs",
        "nvim-nix": "nvim-nix",
        "sops-nix": "sops-nix",
        "zen-browser": "zen-browser"
      }
    },
    "sops-nix": {
      "inputs": {
        "nixpkgs": [
          "nixpkgs"
        ]
      },
      "locked": {
        "lastModified": 1771166946,
        "narHash": "sha256-UFc4lfGBr+wJmwgDGJDn1cVD6DTr0/8TdronNUiyXlU=",
        "owner": "Mic92",
        "repo": "sops-nix",
        "rev": "2d0cf89b4404529778bc82de7e42b5754e0fe4fa",
        "type": "github"
      },
      "original": {
        "owner": "Mic92",
        "repo": "sops-nix",
        "type": "github"
      }
    },
    "zen-browser": {
      "inputs": {
        "home-manager": "home-manager_2",
        "nixpkgs": [
          "nixpkgs"
        ]
      },
      "locked": {
        "lastModified": 1771303996,
        "narHash": "sha256-cwf75uTx8cGJCP+nohi7iVTE+lmfevBxNgirkMLkuEY=",
        "owner": "0xc000022070",
        "repo": "zen-browser-flake",
        "rev": "a7659a805bda3ae8e4861572d8dc0f1d29f3fc3c",
        "type": "github"
      },
      "original": {
        "owner": "0xc000022070",
        "repo": "zen-browser-flake",
        "type": "github"
      }
    }
  },
  "root": "root",
  "version": 7
}
